
Microsoft Visual Studio Solution File, Format Version 12.00
# Visual Studio 15
VisualStudioVersion = 15.0.26124.0
MinimumVisualStudioVersion = 15.0.26124.0
Project("{FAE04EC0-301F-11D3-BF4B-00C04F79EFBC}") = "ShoppingBasket.Core", "ShoppingBasket.Core\ShoppingBasket.Core.csproj", "{B3B0BD0A-9319-446A-B168-A0762B6A0D94}"
EndProject
Project("{FAE04EC0-301F-11D3-BF4B-00C04F79EFBC}") = "ShoppingBasket.Core.Tests", "ShoppingBasket.Core.Tests\ShoppingBasket.Core.Tests.csproj", "{5BB40F2B-5033-4F59-BD2F-947FD9F5F056}"
EndProject
Project("{FAE04EC0-301F-11D3-BF4B-00C04F79EFBC}") = "ShoppingBasket.SharedKernel", "ShoppingBasket.SharedKernel\ShoppingBasket.SharedKernel.csproj", "{5AD1DDB4-AEC0-4AC1-B340-763AAC823FB7}"
EndProject
Global
	GlobalSection(SolutionConfigurationPlatforms) = preSolution
		Debug|Any CPU = Debug|Any CPU
		Debug|x64 = Debug|x64
		Debug|x86 = Debug|x86
		Release|Any CPU = Release|Any CPU
		Release|x64 = Release|x64
		Release|x86 = Release|x86
	EndGlobalSection
	GlobalSection(SolutionProperties) = preSolution
		HideSolutionNode = FALSE
	EndGlobalSection
	GlobalSection(ProjectConfigurationPlatforms) = postSolution
		{B3B0BD0A-9319-446A-B168-A0762B6A0D94}.Debug|Any CPU.ActiveCfg = Debug|Any CPU
		{B3B0BD0A-9319-446A-B168-A0762B6A0D94}.Debug|Any CPU.Build.0 = Debug|Any CPU
		{B3B0BD0A-9319-446A-B168-A0762B6A0D94}.Debug|x64.ActiveCfg = Debug|Any CPU
		{B3B0BD0A-9319-446A-B168-A0762B6A0D94}.Debug|x64.Build.0 = Debug|Any CPU
		{B3B0BD0A-9319-446A-B168-A0762B6A0D94}.Debug|x86.ActiveCfg = Debug|Any CPU
		{B3B0BD0A-9319-446A-B168-A0762B6A0D94}.Debug|x86.Build.0 = Debug|Any CPU
		{B3B0BD0A-9319-446A-B168-A0762B6A0D94}.Release|Any CPU.ActiveCfg = Release|Any CPU
		{B3B0BD0A-9319-446A-B168-A0762B6A0D94}.Release|Any CPU.Build.0 = Release|Any CPU
		{B3B0BD0A-9319-446A-B168-A0762B6A0D94}.Release|x64.ActiveCfg = Release|Any CPU
		{B3B0BD0A-9319-446A-B168-A0762B6A0D94}.Release|x64.Build.0 = Release|Any CPU
		{B3B0BD0A-9319-446A-B168-A0762B6A0D94}.Release|x86.ActiveCfg = Release|Any CPU
		{B3B0BD0A-9319-446A-B168-A0762B6A0D94}.Release|x86.Build.0 = Release|Any CPU
		{5BB40F2B-5033-4F59-BD2F-947FD9F5F056}.Debug|Any CPU.ActiveCfg = Debug|Any CPU
		{5BB40F2B-5033-4F59-BD2F-947FD9F5F056}.Debug|Any CPU.Build.0 = Debug|Any CPU
		{5BB40F2B-5033-4F59-BD2F-947FD9F5F056}.Debug|x64.ActiveCfg = Debug|Any CPU
		{5BB40F2B-5033-4F59-BD2F-947FD9F5F056}.Debug|x64.Build.0 = Debug|Any CPU
		{5BB40F2B-5033-4F59-BD2F-947FD9F5F056}.Debug|x86.ActiveCfg = Debug|Any CPU
		{5BB40F2B-5033-4F59-BD2F-947FD9F5F056}.Debug|x86.Build.0 = Debug|Any CPU
		{5BB40F2B-5033-4F59-BD2F-947FD9F5F056}.Release|Any CPU.ActiveCfg = Release|Any CPU
		{5BB40F2B-5033-4F59-BD2F-947FD9F5F056}.Release|Any CPU.Build.0 = Release|Any CPU
		{5BB40F2B-5033-4F59-BD2F-947FD9F5F056}.Release|x64.ActiveCfg = Release|Any CPU
		{5BB40F2B-5033-4F59-BD2F-947FD9F5F056}.Release|x64.Build.0 = Release|Any CPU
		{5BB40F2B-5033-4F59-BD2F-947FD9F5F056}.Release|x86.ActiveCfg = Release|Any CPU
		{5BB40F2B-5033-4F59-BD2F-947FD9F5F056}.Release|x86.Build.0 = Release|Any CPU
		{5AD1DDB4-AEC0-4AC1-B340-763AAC823FB7}.Debug|Any CPU.ActiveCfg = Debug|Any CPU
		{5AD1DDB4-AEC0-4AC1-B340-763AAC823FB7}.Debug|Any CPU.Build.0 = Debug|Any CPU
		{5AD1DDB4-AEC0-4AC1-B340-763AAC823FB7}.Debug|x64.ActiveCfg = Debug|Any CPU
		{5AD1DDB4-AEC0-4AC1-B340-763AAC823FB7}.Debug|x64.Build.0 = Debug|Any CPU
		{5AD1DDB4-AEC0-4AC1-B340-763AAC823FB7}.Debug|x86.ActiveCfg = Debug|Any CPU
		{5AD1DDB4-AEC0-4AC1-B340-763AAC823FB7}.Debug|x86.Build.0 = Debug|Any CPU
		{5AD1DDB4-AEC0-4AC1-B340-763AAC823FB7}.Release|Any CPU.ActiveCfg = Release|Any CPU
		{5AD1DDB4-AEC0-4AC1-B340-763AAC823FB7}.Release|Any CPU.Build.0 = Release|Any CPU
		{5AD1DDB4-AEC0-4AC1-B340-763AAC823FB7}.Release|x64.ActiveCfg = Release|Any CPU
		{5AD1DDB4-AEC0-4AC1-B340-763AAC823FB7}.Release|x64.Build.0 = Release|Any CPU
		{5AD1DDB4-AEC0-4AC1-B340-763AAC823FB7}.Release|x86.ActiveCfg = Release|Any CPU
		{5AD1DDB4-AEC0-4AC1-B340-763AAC823FB7}.Release|x86.Build.0 = Release|Any CPU
	EndGlobalSection
EndGlobal
